
Microsoft Visual Studio Solution File, Format Version 12.00
# Visual Studio Version 17
VisualStudioVersion = 17.2.32602.215
MinimumVisualStudioVersion = 10.0.40219.1
Project("{FAE04EC0-301F-11D3-BF4B-00C04F79EFBC}") = "leetCode", "leetCode\leetCode.csproj", "{531E6C22-A999-40D5-A4F1-DB2B57A73C38}"
EndProject
Global
	GlobalSection(SolutionConfigurationPlatforms) = preSolution
		Debug|Any CPU = Debug|Any CPU
		Release|Any CPU = Release|Any CPU
	EndGlobalSection
	GlobalSection(ProjectConfigurationPlatforms) = postSolution
		{531E6C22-A999-40D5-A4F1-DB2B57A73C38}.Debug|Any CPU.ActiveCfg = Debug|Any CPU
		{531E6C22-A999-40D5-A4F1-DB2B57A73C38}.Debug|Any CPU.Build.0 = Debug|Any CPU
		{531E6C22-A999-40D5-A4F1-DB2B57A73C38}.Release|Any CPU.ActiveCfg = Release|Any CPU
		{531E6C22-A999-40D5-A4F1-DB2B57A73C38}.Release|Any CPU.Build.0 = Release|Any CPU
	EndGlobalSection
	GlobalSection(SolutionProperties) = preSolution
		HideSolutionNode = FALSE
	EndGlobalSection
	GlobalSection(ExtensibilityGlobals) = postSolution
		SolutionGuid = {69134148-E813-4F09-97D3-D95A4385373F}
	EndGlobalSection
EndGlobal
